
Microsoft Visual Studio Solution File, Format Version 12.00
# Visual Studio Version 17
VisualStudioVersion = 17.9.34723.18
MinimumVisualStudioVersion = 10.0.40219.1
Project("{8BC9CEB8-8B4A-11D0-8D11-00A0C91BC942}") = "MyDriver1", "MyDriver1.vcxproj", "{3F97A724-273D-4CE3-A52B-48AA7F7B941B}"
	ProjectSection(ProjectDependencies) = postProject
		{C5223870-9BAC-4A54-8D05-E66C129AC53D} = {C5223870-9BAC-4A54-8D05-E66C129AC53D}
	EndProjectSection
EndProject
Project("{8BC9CEB8-8B4A-11D0-8D11-00A0C91BC942}") = "ConsoleApplication1", "ConsoleApplication1\ConsoleApplication1.vcxproj", "{C5223870-9BAC-4A54-8D05-E66C129AC53D}"
EndProject
Global
	GlobalSection(SolutionConfigurationPlatforms) = preSolution
		Debug|ARM64 = Debug|ARM64
		Debug|x64 = Debug|x64
		Debug|x86 = Debug|x86
		Release|ARM64 = Release|ARM64
		Release|x64 = Release|x64
		Release|x86 = Release|x86
	EndGlobalSection
	GlobalSection(ProjectConfigurationPlatforms) = postSolution
		{3F97A724-273D-4CE3-A52B-48AA7F7B941B}.Debug|ARM64.ActiveCfg = Debug|ARM64
		{3F97A724-273D-4CE3-A52B-48AA7F7B941B}.Debug|ARM64.Build.0 = Debug|ARM64
		{3F97A724-273D-4CE3-A52B-48AA7F7B941B}.Debug|ARM64.Deploy.0 = Debug|ARM64
		{3F97A724-273D-4CE3-A52B-48AA7F7B941B}.Debug|x64.ActiveCfg = Debug|x64
		{3F97A724-273D-4CE3-A52B-48AA7F7B941B}.Debug|x64.Build.0 = Debug|x64
		{3F97A724-273D-4CE3-A52B-48AA7F7B941B}.Debug|x64.Deploy.0 = Debug|x64
		{3F97A724-273D-4CE3-A52B-48AA7F7B941B}.Debug|x86.ActiveCfg = Debug|x64
		{3F97A724-273D-4CE3-A52B-48AA7F7B941B}.Debug|x86.Build.0 = Debug|x64
		{3F97A724-273D-4CE3-A52B-48AA7F7B941B}.Debug|x86.Deploy.0 = Debug|x64
		{3F97A724-273D-4CE3-A52B-48AA7F7B941B}.Release|ARM64.ActiveCfg = Release|ARM64
		{3F97A724-273D-4CE3-A52B-48AA7F7B941B}.Release|ARM64.Build.0 = Release|ARM64
		{3F97A724-273D-4CE3-A52B-48AA7F7B941B}.Release|ARM64.Deploy.0 = Release|ARM64
		{3F97A724-273D-4CE3-A52B-48AA7F7B941B}.Release|x64.ActiveCfg = Release|x64
		{3F97A724-273D-4CE3-A52B-48AA7F7B941B}.Release|x64.Build.0 = Release|x64
		{3F97A724-273D-4CE3-A52B-48AA7F7B941B}.Release|x64.Deploy.0 = Release|x64
		{3F97A724-273D-4CE3-A52B-48AA7F7B941B}.Release|x86.ActiveCfg = Release|x64
		{3F97A724-273D-4CE3-A52B-48AA7F7B941B}.Release|x86.Build.0 = Release|x64
		{3F97A724-273D-4CE3-A52B-48AA7F7B941B}.Release|x86.Deploy.0 = Release|x64
		{C5223870-9BAC-4A54-8D05-E66C129AC53D}.Debug|ARM64.ActiveCfg = Debug|x64
		{C5223870-9BAC-4A54-8D05-E66C129AC53D}.Debug|ARM64.Build.0 = Debug|x64
		{C5223870-9BAC-4A54-8D05-E66C129AC53D}.Debug|x64.ActiveCfg = Debug|x64
		{C5223870-9BAC-4A54-8D05-E66C129AC53D}.Debug|x64.Build.0 = Debug|x64
		{C5223870-9BAC-4A54-8D05-E66C129AC53D}.Debug|x86.ActiveCfg = Debug|Win32
		{C5223870-9BAC-4A54-8D05-E66C129AC53D}.Debug|x86.Build.0 = Debug|Win32
		{C5223870-9BAC-4A54-8D05-E66C129AC53D}.Release|ARM64.ActiveCfg = Release|x64
		{C5223870-9BAC-4A54-8D05-E66C129AC53D}.Release|ARM64.Build.0 = Release|x64
		{C5223870-9BAC-4A54-8D05-E66C129AC53D}.Release|x64.ActiveCfg = Release|x64
		{C5223870-9BAC-4A54-8D05-E66C129AC53D}.Release|x64.Build.0 = Release|x64
		{C5223870-9BAC-4A54-8D05-E66C129AC53D}.Release|x86.ActiveCfg = Release|Win32
		{C5223870-9BAC-4A54-8D05-E66C129AC53D}.Release|x86.Build.0 = Release|Win32
	EndGlobalSection
	GlobalSection(SolutionProperties) = preSolution
		HideSolutionNode = FALSE
	EndGlobalSection
	GlobalSection(ExtensibilityGlobals) = postSolution
		SolutionGuid = {CFBE1426-D0E1-4104-84CB-7025FD4AD682}
	EndGlobalSection
EndGlobal
